{
  "version": "5",
  "specifiers": {
    "jsr:@hono/hono@^4.10.2": "4.10.2",
    "npm:@types/node@*": "24.2.0"
  },
  "jsr": {
    "@hono/hono@4.10.2": {
      "integrity": "9cdb32df3b1f8eba43b197035a90e0c3c543ddf99f75cebfa31a2414bc5633f8"
    }
  },
  "npm": {
    "@types/node@24.2.0": {
      "integrity": "sha512-3xyG3pMCq3oYCNg7/ZP+E1ooTaGB4cG8JWRsqqOYQdbWNY4zbaV0Ennrd7stjiJEFZCaybcIgpTjJWHRfBSIDw==",
      "dependencies": [
        "undici-types"
      ]
    },
    "undici-types@7.10.0": {
      "integrity": "sha512-t5Fy/nfn+14LuOc2KNYg75vZqClpAiqscVvMygNnlsHBFpSXdJaYtXMcdNLpl/Qvc3P2cB3s6lOV51nqsFq4ag=="
    }
  },
  "workspace": {
    "dependencies": [
      "jsr:@hono/hono@^4.10.2"
    ]
  }
}
